PODS:
  - audio_service (0.0.1):
    - Flutter
  - audio_session (0.0.1):
    - Flutter
  - audioplayers_darwin (0.0.1):
    - Flutter
  - Flutter (1.0.0)
  - fluttertoast (0.0.2):
    - Flutter
    - Toast
  - FMDB (2.7.5):
    - FMDB/standard (= 2.7.5)
  - FMDB/standard (2.7.5)
  - just_audio (0.0.1):
    - Flutter
  - path_provider_foundation (0.0.1):
    - Flutter
    - FlutterMacOS
  - shared_preferences_foundation (0.0.1):
    - Flutter
    - FlutterMacOS
  - sqflite (0.0.3):
    - Flutter
    - FMDB (>= 2.7.5)
  - Toast (4.0.0)
  - url_launcher_ios (0.0.1):
    - Flutter
  - volume_control (0.0.1):
    - Flutter
  - volume_controller (0.0.1):
    - Flutter

DEPENDENCIES:
  - audio_service (from `.symlinks/plugins/audio_service/ios`)
  - audio_session (from `.symlinks/plugins/audio_session/ios`)
  - audioplayers_darwin (from `.symlinks/plugins/audioplayers_darwin/ios`)
  - Flutter (from `Flutter`)
  - fluttertoast (from `.symlinks/plugins/fluttertoast/ios`)
  - just_audio (from `.symlinks/plugins/just_audio/ios`)
  - path_provider_foundation (from `.symlinks/plugins/path_provider_foundation/darwin`)
  - shared_preferences_foundation (from `.symlinks/plugins/shared_preferences_foundation/darwin`)
  - sqflite (from `.symlinks/plugins/sqflite/ios`)
  - url_launcher_ios (from `.symlinks/plugins/url_launcher_ios/ios`)
  - volume_control (from `.symlinks/plugins/volume_control/ios`)
  - volume_controller (from `.symlinks/plugins/volume_controller/ios`)

SPEC REPOS:
  trunk:
    - FMDB
    - Toast

EXTERNAL SOURCES:
  audio_service:
    :path: ".symlinks/plugins/audio_service/ios"
  audio_session:
    :path: ".symlinks/plugins/audio_session/ios"
  audioplayers_darwin:
    :path: ".symlinks/plugins/audioplayers_darwin/ios"
  Flutter:
    :path: Flutter
  fluttertoast:
    :path: ".symlinks/plugins/fluttertoast/ios"
  just_audio:
    :path: ".symlinks/plugins/just_audio/ios"
  path_provider_foundation:
    :path: ".symlinks/plugins/path_provider_foundation/darwin"
  shared_preferences_foundation:
    :path: ".symlinks/plugins/shared_preferences_foundation/darwin"
  sqflite:
    :path: ".symlinks/plugins/sqflite/ios"
  url_launcher_ios:
    :path: ".symlinks/plugins/url_launcher_ios/ios"
  volume_control:
    :path: ".symlinks/plugins/volume_control/ios"
  volume_controller:
    :path: ".symlinks/plugins/volume_controller/ios"

SPEC CHECKSUMS:
  audio_service: f509d65da41b9521a61f1c404dd58651f265a567
  audio_session: 4f3e461722055d21515cf3261b64c973c062f345
  audioplayers_darwin: 877d9a4d06331c5c374595e46e16453ac7eafa40
  Flutter: f04841e97a9d0b0a8025694d0796dd46242b2854
  fluttertoast: fafc4fa4d01a6a9e4f772ecd190ffa525e9e2d9c
  FMDB: 2ce00b547f966261cd18927a3ddb07cb6f3db82a
  just_audio: baa7252489dbcf47a4c7cc9ca663e9661c99aafa
  path_provider_foundation: 29f094ae23ebbca9d3d0cec13889cd9060c0e943
  shared_preferences_foundation: 5b919d13b803cadd15ed2dc053125c68730e5126
  sqflite: 31f7eba61e3074736dff8807a9b41581e4f7f15a
  Toast: 91b396c56ee72a5790816f40d3a94dd357abc196
  url_launcher_ios: 08a3dfac5fb39e8759aeb0abbd5d9480f30fc8b4
  volume_control: ae2b373c092d9ff5e57f704e9fa5e3098cc16d07
  volume_controller: 531ddf792994285c9b17f9d8a7e4dcdd29b3eae9

PODFILE CHECKSUM: b5d635a90ac772a80e7d49045c3770bd2e4729ae

COCOAPODS: 1.11.3
